
Microsoft Visual Studio Solution File, Format Version 12.00
# Visual Studio Version 17
VisualStudioVersion = 17.12.35527.113 d17.12
MinimumVisualStudioVersion = 10.0.40219.1
Project("{FAE04EC0-301F-11D3-BF4B-00C04F79EFBC}") = "Habit-Tracker", "Habit-Tracker\Habit-Tracker.csproj", "{0C38BD81-0F6C-40EF-8603-A01305E92391}"
EndProject
Global
	GlobalSection(SolutionConfigurationPlatforms) = preSolution
		Debug|Any CPU = Debug|Any CPU
		Release|Any CPU = Release|Any CPU
	EndGlobalSection
	GlobalSection(ProjectConfigurationPlatforms) = postSolution
		{0C38BD81-0F6C-40EF-8603-A01305E92391}.Debug|Any CPU.ActiveCfg = Debug|Any CPU
		{0C38BD81-0F6C-40EF-8603-A01305E92391}.Debug|Any CPU.Build.0 = Debug|Any CPU
		{0C38BD81-0F6C-40EF-8603-A01305E92391}.Release|Any CPU.ActiveCfg = Release|Any CPU
		{0C38BD81-0F6C-40EF-8603-A01305E92391}.Release|Any CPU.Build.0 = Release|Any CPU
	EndGlobalSection
	GlobalSection(SolutionProperties) = preSolution
		HideSolutionNode = FALSE
	EndGlobalSection
EndGlobal
